
Microsoft Visual Studio Solution File, Format Version 12.00
# Visual Studio 2012
Project("{8BC9CEB8-8B4A-11D0-8D11-00A0C91BC942}") = "Rebeka", "Rebeka\Rebeka.vcxproj", "{8B721FB1-0BA6-405A-8FAF-C46CA3FE2E50}"
	ProjectSection(ProjectDependencies) = postProject
		{9CE59B1B-5005-4902-9A78-299384DEE446} = {9CE59B1B-5005-4902-9A78-299384DEE446}
		{2E579528-C51F-4F52-A8AF-93E842D4A4C4} = {2E579528-C51F-4F52-A8AF-93E842D4A4C4}
		{9166A557-7C7D-4A3B-A73B-F5D73AB5682B} = {9166A557-7C7D-4A3B-A73B-F5D73AB5682B}
		{5A6B015C-0177-45BC-AB05-ACCC5F5058DD} = {5A6B015C-0177-45BC-AB05-ACCC5F5058DD}
		{8757CF5D-39AD-45A3-B836-808BC366D716} = {8757CF5D-39AD-45A3-B836-808BC366D716}
		{641AED61-A8E7-4D16-89E2-6B313359EF18} = {641AED61-A8E7-4D16-89E2-6B313359EF18}
		{EE351769-29A3-4A94-B1C3-657F8D547DFD} = {EE351769-29A3-4A94-B1C3-657F8D547DFD}
		{9E7B6F79-05F1-4AA3-9B08-3DB2669A9667} = {9E7B6F79-05F1-4AA3-9B08-3DB2669A9667}
		{844D19AA-97F4-44DE-896E-51906259BAE7} = {844D19AA-97F4-44DE-896E-51906259BAE7}
		{D1F55CC4-320C-4CE1-8C44-2EE0F5629155} = {D1F55CC4-320C-4CE1-8C44-2EE0F5629155}
	EndProjectSection
EndProject
Project("{8BC9CEB8-8B4A-11D0-8D11-00A0C91BC942}") = "RebRenderer", "RebRenderer\RebRenderer.vcxproj", "{2E579528-C51F-4F52-A8AF-93E842D4A4C4}"
	ProjectSection(ProjectDependencies) = postProject
		{5A6B015C-0177-45BC-AB05-ACCC5F5058DD} = {5A6B015C-0177-45BC-AB05-ACCC5F5058DD}
		{9E7B6F79-05F1-4AA3-9B08-3DB2669A9667} = {9E7B6F79-05F1-4AA3-9B08-3DB2669A9667}
		{844D19AA-97F4-44DE-896E-51906259BAE7} = {844D19AA-97F4-44DE-896E-51906259BAE7}
	EndProjectSection
EndProject
Project("{8BC9CEB8-8B4A-11D0-8D11-00A0C91BC942}") = "RebGL", "RebGL\RebGL.vcxproj", "{D1F55CC4-320C-4CE1-8C44-2EE0F5629155}"
	ProjectSection(ProjectDependencies) = postProject
		{2E579528-C51F-4F52-A8AF-93E842D4A4C4} = {2E579528-C51F-4F52-A8AF-93E842D4A4C4}
		{5A6B015C-0177-45BC-AB05-ACCC5F5058DD} = {5A6B015C-0177-45BC-AB05-ACCC5F5058DD}
		{8757CF5D-39AD-45A3-B836-808BC366D716} = {8757CF5D-39AD-45A3-B836-808BC366D716}
		{9E7B6F79-05F1-4AA3-9B08-3DB2669A9667} = {9E7B6F79-05F1-4AA3-9B08-3DB2669A9667}
		{844D19AA-97F4-44DE-896E-51906259BAE7} = {844D19AA-97F4-44DE-896E-51906259BAE7}
	EndProjectSection
EndProject
Project("{8BC9CEB8-8B4A-11D0-8D11-00A0C91BC942}") = "Launcher", "Launcher\Launcher.vcxproj", "{F97B5126-823E-4866-8056-80C106A2F90B}"
	ProjectSection(ProjectDependencies) = postProject
		{9CE59B1B-5005-4902-9A78-299384DEE446} = {9CE59B1B-5005-4902-9A78-299384DEE446}
		{2E579528-C51F-4F52-A8AF-93E842D4A4C4} = {2E579528-C51F-4F52-A8AF-93E842D4A4C4}
		{9166A557-7C7D-4A3B-A73B-F5D73AB5682B} = {9166A557-7C7D-4A3B-A73B-F5D73AB5682B}
		{5A6B015C-0177-45BC-AB05-ACCC5F5058DD} = {5A6B015C-0177-45BC-AB05-ACCC5F5058DD}
		{8757CF5D-39AD-45A3-B836-808BC366D716} = {8757CF5D-39AD-45A3-B836-808BC366D716}
		{641AED61-A8E7-4D16-89E2-6B313359EF18} = {641AED61-A8E7-4D16-89E2-6B313359EF18}
		{EE351769-29A3-4A94-B1C3-657F8D547DFD} = {EE351769-29A3-4A94-B1C3-657F8D547DFD}
		{9E7B6F79-05F1-4AA3-9B08-3DB2669A9667} = {9E7B6F79-05F1-4AA3-9B08-3DB2669A9667}
		{844D19AA-97F4-44DE-896E-51906259BAE7} = {844D19AA-97F4-44DE-896E-51906259BAE7}
		{8B721FB1-0BA6-405A-8FAF-C46CA3FE2E50} = {8B721FB1-0BA6-405A-8FAF-C46CA3FE2E50}
		{D1F55CC4-320C-4CE1-8C44-2EE0F5629155} = {D1F55CC4-320C-4CE1-8C44-2EE0F5629155}
	EndProjectSection
EndProject
Project("{8BC9CEB8-8B4A-11D0-8D11-00A0C91BC942}") = "Reb3D", "Reb3D\Reb3D.vcxproj", "{844D19AA-97F4-44DE-896E-51906259BAE7}"
EndProject
Project("{8BC9CEB8-8B4A-11D0-8D11-00A0C91BC942}") = "RebAudio", "RebAudio\RebAudio.vcxproj", "{9166A557-7C7D-4A3B-A73B-F5D73AB5682B}"
	ProjectSection(ProjectDependencies) = postProject
		{7385459F-AD43-4FFC-86B1-473AD8215878} = {7385459F-AD43-4FFC-86B1-473AD8215878}
		{844D19AA-97F4-44DE-896E-51906259BAE7} = {844D19AA-97F4-44DE-896E-51906259BAE7}
	EndProjectSection
EndProject
Project("{8BC9CEB8-8B4A-11D0-8D11-00A0C91BC942}") = "RebSFML", "RebSFML\RebSFML.vcxproj", "{641AED61-A8E7-4D16-89E2-6B313359EF18}"
	ProjectSection(ProjectDependencies) = postProject
		{9166A557-7C7D-4A3B-A73B-F5D73AB5682B} = {9166A557-7C7D-4A3B-A73B-F5D73AB5682B}
		{5A6B015C-0177-45BC-AB05-ACCC5F5058DD} = {5A6B015C-0177-45BC-AB05-ACCC5F5058DD}
		{8757CF5D-39AD-45A3-B836-808BC366D716} = {8757CF5D-39AD-45A3-B836-808BC366D716}
		{9E7B6F79-05F1-4AA3-9B08-3DB2669A9667} = {9E7B6F79-05F1-4AA3-9B08-3DB2669A9667}
		{844D19AA-97F4-44DE-896E-51906259BAE7} = {844D19AA-97F4-44DE-896E-51906259BAE7}
	EndProjectSection
EndProject
Project("{8BC9CEB8-8B4A-11D0-8D11-00A0C91BC942}") = "RebWindowSystem", "RebWindowSystem\RebWindowSystem.vcxproj", "{5A6B015C-0177-45BC-AB05-ACCC5F5058DD}"
	ProjectSection(ProjectDependencies) = postProject
		{9E7B6F79-05F1-4AA3-9B08-3DB2669A9667} = {9E7B6F79-05F1-4AA3-9B08-3DB2669A9667}
		{844D19AA-97F4-44DE-896E-51906259BAE7} = {844D19AA-97F4-44DE-896E-51906259BAE7}
	EndProjectSection
EndProject
Project("{8BC9CEB8-8B4A-11D0-8D11-00A0C91BC942}") = "RebSDL", "RebSDL\RebSDL.vcxproj", "{8757CF5D-39AD-45A3-B836-808BC366D716}"
	ProjectSection(ProjectDependencies) = postProject
		{5A6B015C-0177-45BC-AB05-ACCC5F5058DD} = {5A6B015C-0177-45BC-AB05-ACCC5F5058DD}
		{9E7B6F79-05F1-4AA3-9B08-3DB2669A9667} = {9E7B6F79-05F1-4AA3-9B08-3DB2669A9667}
	EndProjectSection
EndProject
Project("{8BC9CEB8-8B4A-11D0-8D11-00A0C91BC942}") = "RebEntitySystem", "RebEntitySystem\RebEntitySystem.vcxproj", "{9CE59B1B-5005-4902-9A78-299384DEE446}"
	ProjectSection(ProjectDependencies) = postProject
		{2E579528-C51F-4F52-A8AF-93E842D4A4C4} = {2E579528-C51F-4F52-A8AF-93E842D4A4C4}
		{9166A557-7C7D-4A3B-A73B-F5D73AB5682B} = {9166A557-7C7D-4A3B-A73B-F5D73AB5682B}
		{5A6B015C-0177-45BC-AB05-ACCC5F5058DD} = {5A6B015C-0177-45BC-AB05-ACCC5F5058DD}
		{8757CF5D-39AD-45A3-B836-808BC366D716} = {8757CF5D-39AD-45A3-B836-808BC366D716}
		{641AED61-A8E7-4D16-89E2-6B313359EF18} = {641AED61-A8E7-4D16-89E2-6B313359EF18}
		{9E7B6F79-05F1-4AA3-9B08-3DB2669A9667} = {9E7B6F79-05F1-4AA3-9B08-3DB2669A9667}
		{844D19AA-97F4-44DE-896E-51906259BAE7} = {844D19AA-97F4-44DE-896E-51906259BAE7}
		{D1F55CC4-320C-4CE1-8C44-2EE0F5629155} = {D1F55CC4-320C-4CE1-8C44-2EE0F5629155}
	EndProjectSection
EndProject
Project("{8BC9CEB8-8B4A-11D0-8D11-00A0C91BC942}") = "RebSupport", "RebSupport\RebSupport.vcxproj", "{9E7B6F79-05F1-4AA3-9B08-3DB2669A9667}"
	ProjectSection(ProjectDependencies) = postProject
		{844D19AA-97F4-44DE-896E-51906259BAE7} = {844D19AA-97F4-44DE-896E-51906259BAE7}
	EndProjectSection
EndProject
Project("{8BC9CEB8-8B4A-11D0-8D11-00A0C91BC942}") = "IGameDLL", "IGameDLL\IGameDLL.vcxproj", "{EE351769-29A3-4A94-B1C3-657F8D547DFD}"
EndProject
Project("{8BC9CEB8-8B4A-11D0-8D11-00A0C91BC942}") = "Editor", "Editor\Editor.vcxproj", "{B12702AD-ABFB-343A-A199-8E24837244A3}"
EndProject
Project("{8BC9CEB8-8B4A-11D0-8D11-00A0C91BC942}") = "RebGameLogic", "RebGameLogic\RebGameLogic.vcxproj", "{66C6207C-D957-4521-BA82-B329D4D955F1}"
EndProject
Project("{8BC9CEB8-8B4A-11D0-8D11-00A0C91BC942}") = "RebUI", "RebUI\RebUI.vcxproj", "{BB00CFC6-382A-482F-97EC-A13D7C289076}"
EndProject
Project("{8BC9CEB8-8B4A-11D0-8D11-00A0C91BC942}") = "RebAL", "RebAL\RebAL.vcxproj", "{7385459F-AD43-4FFC-86B1-473AD8215878}"
EndProject
Global
	GlobalSection(SolutionConfigurationPlatforms) = preSolution
		Debug|Win32 = Debug|Win32
		Debug|x64 = Debug|x64
		Release|Win32 = Release|Win32
		Release|x64 = Release|x64
	EndGlobalSection
	GlobalSection(ProjectConfigurationPlatforms) = postSolution
		{8B721FB1-0BA6-405A-8FAF-C46CA3FE2E50}.Debug|Win32.ActiveCfg = Debug|Win32
		{8B721FB1-0BA6-405A-8FAF-C46CA3FE2E50}.Debug|Win32.Build.0 = Debug|Win32
		{8B721FB1-0BA6-405A-8FAF-C46CA3FE2E50}.Debug|x64.ActiveCfg = Debug|x64
		{8B721FB1-0BA6-405A-8FAF-C46CA3FE2E50}.Debug|x64.Build.0 = Debug|x64
		{8B721FB1-0BA6-405A-8FAF-C46CA3FE2E50}.Release|Win32.ActiveCfg = Release|Win32
		{8B721FB1-0BA6-405A-8FAF-C46CA3FE2E50}.Release|Win32.Build.0 = Release|Win32
		{8B721FB1-0BA6-405A-8FAF-C46CA3FE2E50}.Release|x64.ActiveCfg = Release|x64
		{8B721FB1-0BA6-405A-8FAF-C46CA3FE2E50}.Release|x64.Build.0 = Release|x64
		{2E579528-C51F-4F52-A8AF-93E842D4A4C4}.Debug|Win32.ActiveCfg = Debug|Win32
		{2E579528-C51F-4F52-A8AF-93E842D4A4C4}.Debug|Win32.Build.0 = Debug|Win32
		{2E579528-C51F-4F52-A8AF-93E842D4A4C4}.Debug|x64.ActiveCfg = Debug|x64
		{2E579528-C51F-4F52-A8AF-93E842D4A4C4}.Debug|x64.Build.0 = Debug|x64
		{2E579528-C51F-4F52-A8AF-93E842D4A4C4}.Release|Win32.ActiveCfg = Release|Win32
		{2E579528-C51F-4F52-A8AF-93E842D4A4C4}.Release|Win32.Build.0 = Release|Win32
		{2E579528-C51F-4F52-A8AF-93E842D4A4C4}.Release|x64.ActiveCfg = Release|x64
		{2E579528-C51F-4F52-A8AF-93E842D4A4C4}.Release|x64.Build.0 = Release|x64
		{D1F55CC4-320C-4CE1-8C44-2EE0F5629155}.Debug|Win32.ActiveCfg = Debug|Win32
		{D1F55CC4-320C-4CE1-8C44-2EE0F5629155}.Debug|Win32.Build.0 = Debug|Win32
		{D1F55CC4-320C-4CE1-8C44-2EE0F5629155}.Debug|x64.ActiveCfg = Debug|x64
		{D1F55CC4-320C-4CE1-8C44-2EE0F5629155}.Debug|x64.Build.0 = Debug|x64
		{D1F55CC4-320C-4CE1-8C44-2EE0F5629155}.Release|Win32.ActiveCfg = Release|Win32
		{D1F55CC4-320C-4CE1-8C44-2EE0F5629155}.Release|Win32.Build.0 = Release|Win32
		{D1F55CC4-320C-4CE1-8C44-2EE0F5629155}.Release|x64.ActiveCfg = Release|x64
		{D1F55CC4-320C-4CE1-8C44-2EE0F5629155}.Release|x64.Build.0 = Release|x64
		{F97B5126-823E-4866-8056-80C106A2F90B}.Debug|Win32.ActiveCfg = Debug|Win32
		{F97B5126-823E-4866-8056-80C106A2F90B}.Debug|Win32.Build.0 = Debug|Win32
		{F97B5126-823E-4866-8056-80C106A2F90B}.Debug|x64.ActiveCfg = Debug|x64
		{F97B5126-823E-4866-8056-80C106A2F90B}.Debug|x64.Build.0 = Debug|x64
		{F97B5126-823E-4866-8056-80C106A2F90B}.Release|Win32.ActiveCfg = Release|Win32
		{F97B5126-823E-4866-8056-80C106A2F90B}.Release|Win32.Build.0 = Release|Win32
		{F97B5126-823E-4866-8056-80C106A2F90B}.Release|x64.ActiveCfg = Release|x64
		{F97B5126-823E-4866-8056-80C106A2F90B}.Release|x64.Build.0 = Release|x64
		{844D19AA-97F4-44DE-896E-51906259BAE7}.Debug|Win32.ActiveCfg = Debug|Win32
		{844D19AA-97F4-44DE-896E-51906259BAE7}.Debug|Win32.Build.0 = Debug|Win32
		{844D19AA-97F4-44DE-896E-51906259BAE7}.Debug|x64.ActiveCfg = Debug|x64
		{844D19AA-97F4-44DE-896E-51906259BAE7}.Debug|x64.Build.0 = Debug|x64
		{844D19AA-97F4-44DE-896E-51906259BAE7}.Release|Win32.ActiveCfg = Release|Win32
		{844D19AA-97F4-44DE-896E-51906259BAE7}.Release|Win32.Build.0 = Release|Win32
		{844D19AA-97F4-44DE-896E-51906259BAE7}.Release|x64.ActiveCfg = Release|x64
		{844D19AA-97F4-44DE-896E-51906259BAE7}.Release|x64.Build.0 = Release|x64
		{9166A557-7C7D-4A3B-A73B-F5D73AB5682B}.Debug|Win32.ActiveCfg = Debug|Win32
		{9166A557-7C7D-4A3B-A73B-F5D73AB5682B}.Debug|Win32.Build.0 = Debug|Win32
		{9166A557-7C7D-4A3B-A73B-F5D73AB5682B}.Debug|x64.ActiveCfg = Debug|x64
		{9166A557-7C7D-4A3B-A73B-F5D73AB5682B}.Debug|x64.Build.0 = Debug|x64
		{9166A557-7C7D-4A3B-A73B-F5D73AB5682B}.Release|Win32.ActiveCfg = Release|Win32
		{9166A557-7C7D-4A3B-A73B-F5D73AB5682B}.Release|Win32.Build.0 = Release|Win32
		{9166A557-7C7D-4A3B-A73B-F5D73AB5682B}.Release|x64.ActiveCfg = Release|x64
		{9166A557-7C7D-4A3B-A73B-F5D73AB5682B}.Release|x64.Build.0 = Release|x64
		{641AED61-A8E7-4D16-89E2-6B313359EF18}.Debug|Win32.ActiveCfg = Debug|Win32
		{641AED61-A8E7-4D16-89E2-6B313359EF18}.Debug|Win32.Build.0 = Debug|Win32
		{641AED61-A8E7-4D16-89E2-6B313359EF18}.Debug|x64.ActiveCfg = Debug|x64
		{641AED61-A8E7-4D16-89E2-6B313359EF18}.Debug|x64.Build.0 = Debug|x64
		{641AED61-A8E7-4D16-89E2-6B313359EF18}.Release|Win32.ActiveCfg = Release|Win32
		{641AED61-A8E7-4D16-89E2-6B313359EF18}.Release|Win32.Build.0 = Release|Win32
		{641AED61-A8E7-4D16-89E2-6B313359EF18}.Release|x64.ActiveCfg = Release|x64
		{641AED61-A8E7-4D16-89E2-6B313359EF18}.Release|x64.Build.0 = Release|x64
		{5A6B015C-0177-45BC-AB05-ACCC5F5058DD}.Debug|Win32.ActiveCfg = Debug|Win32
		{5A6B015C-0177-45BC-AB05-ACCC5F5058DD}.Debug|Win32.Build.0 = Debug|Win32
		{5A6B015C-0177-45BC-AB05-ACCC5F5058DD}.Debug|x64.ActiveCfg = Debug|x64
		{5A6B015C-0177-45BC-AB05-ACCC5F5058DD}.Debug|x64.Build.0 = Debug|x64
		{5A6B015C-0177-45BC-AB05-ACCC5F5058DD}.Release|Win32.ActiveCfg = Release|Win32
		{5A6B015C-0177-45BC-AB05-ACCC5F5058DD}.Release|Win32.Build.0 = Release|Win32
		{5A6B015C-0177-45BC-AB05-ACCC5F5058DD}.Release|x64.ActiveCfg = Release|x64
		{5A6B015C-0177-45BC-AB05-ACCC5F5058DD}.Release|x64.Build.0 = Release|x64
		{8757CF5D-39AD-45A3-B836-808BC366D716}.Debug|Win32.ActiveCfg = Debug|Win32
		{8757CF5D-39AD-45A3-B836-808BC366D716}.Debug|Win32.Build.0 = Debug|Win32
		{8757CF5D-39AD-45A3-B836-808BC366D716}.Debug|x64.ActiveCfg = Debug|x64
		{8757CF5D-39AD-45A3-B836-808BC366D716}.Debug|x64.Build.0 = Debug|x64
		{8757CF5D-39AD-45A3-B836-808BC366D716}.Release|Win32.ActiveCfg = Release|Win32
		{8757CF5D-39AD-45A3-B836-808BC366D716}.Release|Win32.Build.0 = Release|Win32
		{8757CF5D-39AD-45A3-B836-808BC366D716}.Release|x64.ActiveCfg = Release|x64
		{8757CF5D-39AD-45A3-B836-808BC366D716}.Release|x64.Build.0 = Release|x64
		{9CE59B1B-5005-4902-9A78-299384DEE446}.Debug|Win32.ActiveCfg = Debug|Win32
		{9CE59B1B-5005-4902-9A78-299384DEE446}.Debug|Win32.Build.0 = Debug|Win32
		{9CE59B1B-5005-4902-9A78-299384DEE446}.Debug|x64.ActiveCfg = Debug|x64
		{9CE59B1B-5005-4902-9A78-299384DEE446}.Debug|x64.Build.0 = Debug|x64
		{9CE59B1B-5005-4902-9A78-299384DEE446}.Release|Win32.ActiveCfg = Release|Win32
		{9CE59B1B-5005-4902-9A78-299384DEE446}.Release|Win32.Build.0 = Release|Win32
		{9CE59B1B-5005-4902-9A78-299384DEE446}.Release|x64.ActiveCfg = Release|x64
		{9CE59B1B-5005-4902-9A78-299384DEE446}.Release|x64.Build.0 = Release|x64
		{9E7B6F79-05F1-4AA3-9B08-3DB2669A9667}.Debug|Win32.ActiveCfg = Debug|Win32
		{9E7B6F79-05F1-4AA3-9B08-3DB2669A9667}.Debug|Win32.Build.0 = Debug|Win32
		{9E7B6F79-05F1-4AA3-9B08-3DB2669A9667}.Debug|x64.ActiveCfg = Debug|x64
		{9E7B6F79-05F1-4AA3-9B08-3DB2669A9667}.Debug|x64.Build.0 = Debug|x64
		{9E7B6F79-05F1-4AA3-9B08-3DB2669A9667}.Release|Win32.ActiveCfg = Release|Win32
		{9E7B6F79-05F1-4AA3-9B08-3DB2669A9667}.Release|Win32.Build.0 = Release|Win32
		{9E7B6F79-05F1-4AA3-9B08-3DB2669A9667}.Release|x64.ActiveCfg = Release|x64
		{9E7B6F79-05F1-4AA3-9B08-3DB2669A9667}.Release|x64.Build.0 = Release|x64
		{EE351769-29A3-4A94-B1C3-657F8D547DFD}.Debug|Win32.ActiveCfg = Debug|Win32
		{EE351769-29A3-4A94-B1C3-657F8D547DFD}.Debug|Win32.Build.0 = Debug|Win32
		{EE351769-29A3-4A94-B1C3-657F8D547DFD}.Debug|x64.ActiveCfg = Debug|Win32
		{EE351769-29A3-4A94-B1C3-657F8D547DFD}.Release|Win32.ActiveCfg = Release|Win32
		{EE351769-29A3-4A94-B1C3-657F8D547DFD}.Release|Win32.Build.0 = Release|Win32
		{EE351769-29A3-4A94-B1C3-657F8D547DFD}.Release|x64.ActiveCfg = Release|Win32
		{B12702AD-ABFB-343A-A199-8E24837244A3}.Debug|Win32.ActiveCfg = Debug|Win32
		{B12702AD-ABFB-343A-A199-8E24837244A3}.Debug|Win32.Build.0 = Debug|Win32
		{B12702AD-ABFB-343A-A199-8E24837244A3}.Debug|x64.ActiveCfg = Debug|x64
		{B12702AD-ABFB-343A-A199-8E24837244A3}.Debug|x64.Build.0 = Debug|x64
		{B12702AD-ABFB-343A-A199-8E24837244A3}.Release|Win32.ActiveCfg = Release|Win32
		{B12702AD-ABFB-343A-A199-8E24837244A3}.Release|Win32.Build.0 = Release|Win32
		{B12702AD-ABFB-343A-A199-8E24837244A3}.Release|x64.ActiveCfg = Release|x64
		{B12702AD-ABFB-343A-A199-8E24837244A3}.Release|x64.Build.0 = Release|x64
		{66C6207C-D957-4521-BA82-B329D4D955F1}.Debug|Win32.ActiveCfg = Debug|Win32
		{66C6207C-D957-4521-BA82-B329D4D955F1}.Debug|Win32.Build.0 = Debug|Win32
		{66C6207C-D957-4521-BA82-B329D4D955F1}.Debug|x64.ActiveCfg = Debug|Win32
		{66C6207C-D957-4521-BA82-B329D4D955F1}.Release|Win32.ActiveCfg = Release|Win32
		{66C6207C-D957-4521-BA82-B329D4D955F1}.Release|Win32.Build.0 = Release|Win32
		{66C6207C-D957-4521-BA82-B329D4D955F1}.Release|x64.ActiveCfg = Release|Win32
		{BB00CFC6-382A-482F-97EC-A13D7C289076}.Debug|Win32.ActiveCfg = Debug|Win32
		{BB00CFC6-382A-482F-97EC-A13D7C289076}.Debug|Win32.Build.0 = Debug|Win32
		{BB00CFC6-382A-482F-97EC-A13D7C289076}.Debug|x64.ActiveCfg = Debug|Win32
		{BB00CFC6-382A-482F-97EC-A13D7C289076}.Release|Win32.ActiveCfg = Release|Win32
		{BB00CFC6-382A-482F-97EC-A13D7C289076}.Release|Win32.Build.0 = Release|Win32
		{BB00CFC6-382A-482F-97EC-A13D7C289076}.Release|x64.ActiveCfg = Release|Win32
		{7385459F-AD43-4FFC-86B1-473AD8215878}.Debug|Win32.ActiveCfg = Debug|Win32
		{7385459F-AD43-4FFC-86B1-473AD8215878}.Debug|Win32.Build.0 = Debug|Win32
		{7385459F-AD43-4FFC-86B1-473AD8215878}.Debug|x64.ActiveCfg = Debug|Win32
		{7385459F-AD43-4FFC-86B1-473AD8215878}.Release|Win32.ActiveCfg = Release|Win32
		{7385459F-AD43-4FFC-86B1-473AD8215878}.Release|Win32.Build.0 = Release|Win32
		{7385459F-AD43-4FFC-86B1-473AD8215878}.Release|x64.ActiveCfg = Release|Win32
	EndGlobalSection
	GlobalSection(SolutionProperties) = preSolution
		HideSolutionNode = FALSE
	EndGlobalSection
EndGlobal
