<?xml version="1.0" encoding="utf-8"?>
<Project ToolsVersion="4.0" xmlns="http://schemas.microsoft.com/developer/msbuild/2003">
  <ItemGroup>
    <Filter Include="Source Files">
      <UniqueIdentifier>{4FC737F1-C7A5-4376-A066-2A32D752A2FF}</UniqueIdentifier>
      <Extensions>cpp;c;cc;cxx;def;odl;idl;hpj;bat;asm;asmx</Extensions>
    </Filter>
    <Filter Include="Header Files">
      <UniqueIdentifier>{93995380-89BD-4b04-88EB-625FBE52EBFB}</UniqueIdentifier>
      <Extensions>h;hpp;hxx;hm;inl;inc;xsd</Extensions>
    </Filter>
    <Filter Include="Resource Files">
      <UniqueIdentifier>{67DA6AB6-F800-4c08-8B7A-83BB121AAD01}</UniqueIdentifier>
      <Extensions>rc;ico;cur;bmp;dlg;rc2;rct;bin;rgs;gif;jpg;jpeg;jpe;resx;tiff;tif;png;wav;mfcribbon-ms</Extensions>
    </Filter>
    <Filter Include="Components">
      <UniqueIdentifier>{c71caee8-afa8-4ca2-b624-736ff87169de}</UniqueIdentifier>
    </Filter>
    <Filter Include="Components\Physic">
      <UniqueIdentifier>{09466066-d76e-43fd-80e2-488cb43ef23d}</UniqueIdentifier>
    </Filter>
    <Filter Include="Components\Visual">
      <UniqueIdentifier>{5a6ff902-bc58-428b-ab65-846590ee86cd}</UniqueIdentifier>
    </Filter>
    <Filter Include="Components\Input">
      <UniqueIdentifier>{96a5727e-93d4-4e40-bcc2-efd60078bbea}</UniqueIdentifier>
    </Filter>
  </ItemGroup>
  <ItemGroup>
    <Text Include="ReadMe.txt" />
  </ItemGroup>
  <ItemGroup>
    <ClInclude Include="RebEntitySystem.h">
      <Filter>Header Files</Filter>
    </ClInclude>
    <ClInclude Include="RebEntity.h">
      <Filter>Header Files</Filter>
    </ClInclude>
    <ClInclude Include="RebComps.h">
      <Filter>Header Files</Filter>
    </ClInclude>
    <ClInclude Include="CompPhysic.h">
      <Filter>Components\Physic</Filter>
    </ClInclude>
    <ClInclude Include="CompVisual.h">
      <Filter>Components\Visual</Filter>
    </ClInclude>
    <ClInclude Include="CompInput.h">
      <Filter>Components\Input</Filter>
    </ClInclude>
  </ItemGroup>
  <ItemGroup>
    <ClCompile Include="RebEntity.cpp">
      <Filter>Source Files</Filter>
    </ClCompile>
    <ClCompile Include="RebEntitySystem.cpp">
      <Filter>Source Files</Filter>
    </ClCompile>
    <ClCompile Include="CompPhysic.cpp">
      <Filter>Components\Physic</Filter>
    </ClCompile>
    <ClCompile Include="CompVisual.cpp">
      <Filter>Components\Visual</Filter>
    </ClCompile>
    <ClCompile Include="CompInput.cpp">
      <Filter>Components\Input</Filter>
    </ClCompile>
  </ItemGroup>
</Project>